{
  "lockfileVersion": 1,
  "configVersion": 1,
  "workspaces": {
    "": {
      "name": "@xxf/react",
      "dependencies": {
        "@microsoft/fetch-event-source": "^2.0.1",
      },
    },
  },
  "packages": {
    "@microsoft/fetch-event-source": ["@microsoft/fetch-event-source@2.0.1", "", {}, "sha512-W6CLUJ2eBMw3Rec70qrsEW0jOm/3twwJv21mrmj2yORiaVmVYGS4sSS5yUwvQc1ZlDLYGPnClVWmUUMagKNsfA=="],
  }
}
